
Microsoft Visual Studio Solution File, Format Version 12.00
# Visual Studio Version 17
VisualStudioVersion = 17.0.31903.59
MinimumVisualStudioVersion = 10.0.40219.1
Project("{2150E333-8FDC-42A3-9474-1A3956D46DE8}") = "src", "src", "{827E0CD3-B72D-47B6-A68D-7590B98EB39B}"
EndProject
Project("{2150E333-8FDC-42A3-9474-1A3956D46DE8}") = "Core", "Core", "{8D626EA8-CB54-BC41-363A-217881BEBA6E}"
EndProject
Project("{FAE04EC0-301F-11D3-BF4B-00C04F79EFBC}") = "TraderBot.Core", "src\Core\TraderBot.Core.csproj", "{9FE1FE80-047F-44C6-9EDB-B91783539BD5}"
EndProject
Project("{FAE04EC0-301F-11D3-BF4B-00C04F79EFBC}") = "TraderBot.Exchanges.GateIo", "src\Exchanges\GateIo\TraderBot.Exchanges.GateIo.csproj", "{95A132B6-6015-452C-934F-D0D6E66FF307}"
EndProject
Project("{FAE04EC0-301F-11D3-BF4B-00C04F79EFBC}") = "TraderBot.Host", "src\Host\TraderBot.Host.csproj", "{7EE9DEFD-91E0-4829-87B5-9BA1475380C3}"
EndProject
Project("{2150E333-8FDC-42A3-9474-1A3956D46DE8}") = "tests", "tests", "{0AB3BF05-4346-4AA6-1389-037BE0695223}"
EndProject
Project("{FAE04EC0-301F-11D3-BF4B-00C04F79EFBC}") = "TraderBot.Tests", "tests\TraderBot.Tests\TraderBot.Tests.csproj", "{CE5DEA2A-E98B-4B10-81E3-DAB7565A2620}"
EndProject
Project("{2150E333-8FDC-42A3-9474-1A3956D46DE8}") = "manual-tests", "manual-tests", "{A2E8E558-75A5-4F94-A477-48390545E43F}"
EndProject
Project("{FAE04EC0-301F-11D3-BF4B-00C04F79EFBC}") = "BybitWsTest", "manual-tests\BybitWsTest.csproj", "{C9EADF35-05A9-4E44-A67C-34C3E723F1B5}"
EndProject
Global
	GlobalSection(SolutionConfigurationPlatforms) = preSolution
		Debug|Any CPU = Debug|Any CPU
		Debug|x64 = Debug|x64
		Debug|x86 = Debug|x86
		Release|Any CPU = Release|Any CPU
		Release|x64 = Release|x64
		Release|x86 = Release|x86
	EndGlobalSection
	GlobalSection(ProjectConfigurationPlatforms) = postSolution
		{9FE1FE80-047F-44C6-9EDB-B91783539BD5}.Debug|Any CPU.ActiveCfg = Debug|Any CPU
		{9FE1FE80-047F-44C6-9EDB-B91783539BD5}.Debug|Any CPU.Build.0 = Debug|Any CPU
		{9FE1FE80-047F-44C6-9EDB-B91783539BD5}.Debug|x64.ActiveCfg = Debug|Any CPU
		{9FE1FE80-047F-44C6-9EDB-B91783539BD5}.Debug|x64.Build.0 = Debug|Any CPU
		{9FE1FE80-047F-44C6-9EDB-B91783539BD5}.Debug|x86.ActiveCfg = Debug|Any CPU
		{9FE1FE80-047F-44C6-9EDB-B91783539BD5}.Debug|x86.Build.0 = Debug|Any CPU
		{9FE1FE80-047F-44C6-9EDB-B91783539BD5}.Release|Any CPU.ActiveCfg = Release|Any CPU
		{9FE1FE80-047F-44C6-9EDB-B91783539BD5}.Release|Any CPU.Build.0 = Release|Any CPU
		{9FE1FE80-047F-44C6-9EDB-B91783539BD5}.Release|x64.ActiveCfg = Release|Any CPU
		{9FE1FE80-047F-44C6-9EDB-B91783539BD5}.Release|x64.Build.0 = Release|Any CPU
		{9FE1FE80-047F-44C6-9EDB-B91783539BD5}.Release|x86.ActiveCfg = Release|Any CPU
		{9FE1FE80-047F-44C6-9EDB-B91783539BD5}.Release|x86.Build.0 = Release|Any CPU
		{95A132B6-6015-452C-934F-D0D6E66FF307}.Debug|Any CPU.ActiveCfg = Debug|Any CPU
		{95A132B6-6015-452C-934F-D0D6E66FF307}.Debug|Any CPU.Build.0 = Debug|Any CPU
		{95A132B6-6015-452C-934F-D0D6E66FF307}.Debug|x64.ActiveCfg = Debug|Any CPU
		{95A132B6-6015-452C-934F-D0D6E66FF307}.Debug|x64.Build.0 = Debug|Any CPU
		{95A132B6-6015-452C-934F-D0D6E66FF307}.Debug|x86.ActiveCfg = Debug|Any CPU
		{95A132B6-6015-452C-934F-D0D6E66FF307}.Debug|x86.Build.0 = Debug|Any CPU
		{95A132B6-6015-452C-934F-D0D6E66FF307}.Release|Any CPU.ActiveCfg = Release|Any CPU
		{95A132B6-6015-452C-934F-D0D6E66FF307}.Release|Any CPU.Build.0 = Release|Any CPU
		{95A132B6-6015-452C-934F-D0D6E66FF307}.Release|x64.ActiveCfg = Release|Any CPU
		{95A132B6-6015-452C-934F-D0D6E66FF307}.Release|x64.Build.0 = Release|Any CPU
		{95A132B6-6015-452C-934F-D0D6E66FF307}.Release|x86.ActiveCfg = Release|Any CPU
		{95A132B6-6015-452C-934F-D0D6E66FF307}.Release|x86.Build.0 = Release|Any CPU
		{7EE9DEFD-91E0-4829-87B5-9BA1475380C3}.Debug|Any CPU.ActiveCfg = Debug|Any CPU
		{7EE9DEFD-91E0-4829-87B5-9BA1475380C3}.Debug|Any CPU.Build.0 = Debug|Any CPU
		{7EE9DEFD-91E0-4829-87B5-9BA1475380C3}.Debug|x64.ActiveCfg = Debug|Any CPU
		{7EE9DEFD-91E0-4829-87B5-9BA1475380C3}.Debug|x64.Build.0 = Debug|Any CPU
		{7EE9DEFD-91E0-4829-87B5-9BA1475380C3}.Debug|x86.ActiveCfg = Debug|Any CPU
		{7EE9DEFD-91E0-4829-87B5-9BA1475380C3}.Debug|x86.Build.0 = Debug|Any CPU
		{7EE9DEFD-91E0-4829-87B5-9BA1475380C3}.Release|Any CPU.ActiveCfg = Release|Any CPU
		{7EE9DEFD-91E0-4829-87B5-9BA1475380C3}.Release|Any CPU.Build.0 = Release|Any CPU
		{7EE9DEFD-91E0-4829-87B5-9BA1475380C3}.Release|x64.ActiveCfg = Release|Any CPU
		{7EE9DEFD-91E0-4829-87B5-9BA1475380C3}.Release|x64.Build.0 = Release|Any CPU
		{7EE9DEFD-91E0-4829-87B5-9BA1475380C3}.Release|x86.ActiveCfg = Release|Any CPU
		{7EE9DEFD-91E0-4829-87B5-9BA1475380C3}.Release|x86.Build.0 = Release|Any CPU
		{CE5DEA2A-E98B-4B10-81E3-DAB7565A2620}.Debug|Any CPU.ActiveCfg = Debug|Any CPU
		{CE5DEA2A-E98B-4B10-81E3-DAB7565A2620}.Debug|Any CPU.Build.0 = Debug|Any CPU
		{CE5DEA2A-E98B-4B10-81E3-DAB7565A2620}.Debug|x64.ActiveCfg = Debug|Any CPU
		{CE5DEA2A-E98B-4B10-81E3-DAB7565A2620}.Debug|x64.Build.0 = Debug|Any CPU
		{CE5DEA2A-E98B-4B10-81E3-DAB7565A2620}.Debug|x86.ActiveCfg = Debug|Any CPU
		{CE5DEA2A-E98B-4B10-81E3-DAB7565A2620}.Debug|x86.Build.0 = Debug|Any CPU
		{CE5DEA2A-E98B-4B10-81E3-DAB7565A2620}.Release|Any CPU.ActiveCfg = Release|Any CPU
		{CE5DEA2A-E98B-4B10-81E3-DAB7565A2620}.Release|Any CPU.Build.0 = Release|Any CPU
		{CE5DEA2A-E98B-4B10-81E3-DAB7565A2620}.Release|x64.ActiveCfg = Release|Any CPU
		{CE5DEA2A-E98B-4B10-81E3-DAB7565A2620}.Release|x64.Build.0 = Release|Any CPU
		{CE5DEA2A-E98B-4B10-81E3-DAB7565A2620}.Release|x86.ActiveCfg = Release|Any CPU
		{CE5DEA2A-E98B-4B10-81E3-DAB7565A2620}.Release|x86.Build.0 = Release|Any CPU
		{C9EADF35-05A9-4E44-A67C-34C3E723F1B5}.Debug|Any CPU.ActiveCfg = Debug|Any CPU
		{C9EADF35-05A9-4E44-A67C-34C3E723F1B5}.Debug|Any CPU.Build.0 = Debug|Any CPU
		{C9EADF35-05A9-4E44-A67C-34C3E723F1B5}.Debug|x64.ActiveCfg = Debug|Any CPU
		{C9EADF35-05A9-4E44-A67C-34C3E723F1B5}.Debug|x64.Build.0 = Debug|Any CPU
		{C9EADF35-05A9-4E44-A67C-34C3E723F1B5}.Debug|x86.ActiveCfg = Debug|Any CPU
		{C9EADF35-05A9-4E44-A67C-34C3E723F1B5}.Debug|x86.Build.0 = Debug|Any CPU
		{C9EADF35-05A9-4E44-A67C-34C3E723F1B5}.Release|Any CPU.ActiveCfg = Release|Any CPU
		{C9EADF35-05A9-4E44-A67C-34C3E723F1B5}.Release|Any CPU.Build.0 = Release|Any CPU
		{C9EADF35-05A9-4E44-A67C-34C3E723F1B5}.Release|x64.ActiveCfg = Release|Any CPU
		{C9EADF35-05A9-4E44-A67C-34C3E723F1B5}.Release|x64.Build.0 = Release|Any CPU
		{C9EADF35-05A9-4E44-A67C-34C3E723F1B5}.Release|x86.ActiveCfg = Release|Any CPU
		{C9EADF35-05A9-4E44-A67C-34C3E723F1B5}.Release|x86.Build.0 = Release|Any CPU
	EndGlobalSection
	GlobalSection(SolutionProperties) = preSolution
		HideSolutionNode = FALSE
	EndGlobalSection
	GlobalSection(NestedProjects) = preSolution
		{8D626EA8-CB54-BC41-363A-217881BEBA6E} = {827E0CD3-B72D-47B6-A68D-7590B98EB39B}
		{9FE1FE80-047F-44C6-9EDB-B91783539BD5} = {8D626EA8-CB54-BC41-363A-217881BEBA6E}
		{95A132B6-6015-452C-934F-D0D6E66FF307} = {8D626EA8-CB54-BC41-363A-217881BEBA6E}
		{7EE9DEFD-91E0-4829-87B5-9BA1475380C3} = {8D626EA8-CB54-BC41-363A-217881BEBA6E}
		{CE5DEA2A-E98B-4B10-81E3-DAB7565A2620} = {0AB3BF05-4346-4AA6-1389-037BE0695223}
		{C9EADF35-05A9-4E44-A67C-34C3E723F1B5} = {A2E8E558-75A5-4F94-A477-48390545E43F}
	EndGlobalSection
EndGlobal
